
Microsoft Visual Studio Solution File, Format Version 12.00
# Visual Studio Version 17
VisualStudioVersion = 17.2.32602.215
MinimumVisualStudioVersion = 10.0.40219.1
Project("{9A19103F-16F7-4668-BE54-9A1E7A4F7556}") = "PeliculasAPI", "PeliculasAPI\PeliculasAPI.csproj", "{3CDA9BDF-BCD3-4B9D-B609-A6388FC2EA9F}"
EndProject
Project("{9A19103F-16F7-4668-BE54-9A1E7A4F7556}") = "PeliculasCore", "PeliculasCore\PeliculasCore.csproj", "{5FE65252-860C-46CA-89FA-EF3B7DB24AF9}"
EndProject
Project("{9A19103F-16F7-4668-BE54-9A1E7A4F7556}") = "PeliculasInfraestructura", "PeliculasInfraestructura\PeliculasInfraestructura.csproj", "{BFC8DADD-5D80-471C-A15F-6E7346C339F2}"
EndProject
Project("{2150E333-8FDC-42A3-9474-1A3956D46DE8}") = "Elementos de la solución", "Elementos de la solución", "{C1456BEE-3FA3-4D15-B25F-9FAA3374735D}"
	ProjectSection(SolutionItems) = preProject
		.gitignore = .gitignore
		Diagrama de clases Proyecto Peliculas API.png = Diagrama de clases Proyecto Peliculas API.png
	EndProjectSection
EndProject
Global
	GlobalSection(SolutionConfigurationPlatforms) = preSolution
		Debug|Any CPU = Debug|Any CPU
		Release|Any CPU = Release|Any CPU
	EndGlobalSection
	GlobalSection(ProjectConfigurationPlatforms) = postSolution
		{3CDA9BDF-BCD3-4B9D-B609-A6388FC2EA9F}.Debug|Any CPU.ActiveCfg = Debug|Any CPU
		{3CDA9BDF-BCD3-4B9D-B609-A6388FC2EA9F}.Debug|Any CPU.Build.0 = Debug|Any CPU
		{3CDA9BDF-BCD3-4B9D-B609-A6388FC2EA9F}.Release|Any CPU.ActiveCfg = Release|Any CPU
		{3CDA9BDF-BCD3-4B9D-B609-A6388FC2EA9F}.Release|Any CPU.Build.0 = Release|Any CPU
		{5FE65252-860C-46CA-89FA-EF3B7DB24AF9}.Debug|Any CPU.ActiveCfg = Debug|Any CPU
		{5FE65252-860C-46CA-89FA-EF3B7DB24AF9}.Debug|Any CPU.Build.0 = Debug|Any CPU
		{5FE65252-860C-46CA-89FA-EF3B7DB24AF9}.Release|Any CPU.ActiveCfg = Release|Any CPU
		{5FE65252-860C-46CA-89FA-EF3B7DB24AF9}.Release|Any CPU.Build.0 = Release|Any CPU
		{BFC8DADD-5D80-471C-A15F-6E7346C339F2}.Debug|Any CPU.ActiveCfg = Debug|Any CPU
		{BFC8DADD-5D80-471C-A15F-6E7346C339F2}.Debug|Any CPU.Build.0 = Debug|Any CPU
		{BFC8DADD-5D80-471C-A15F-6E7346C339F2}.Release|Any CPU.ActiveCfg = Release|Any CPU
		{BFC8DADD-5D80-471C-A15F-6E7346C339F2}.Release|Any CPU.Build.0 = Release|Any CPU
	EndGlobalSection
	GlobalSection(SolutionProperties) = preSolution
		HideSolutionNode = FALSE
	EndGlobalSection
	GlobalSection(ExtensibilityGlobals) = postSolution
		SolutionGuid = {5497B822-3D62-4457-A3E0-E58C9A4FB2C3}
	EndGlobalSection
EndGlobal
